
Microsoft Visual Studio Solution File, Format Version 12.00
# Visual Studio 15
VisualStudioVersion = 15.0.27428.2037
MinimumVisualStudioVersion = 10.0.40219.1
Project("{9A19103F-16F7-4668-BE54-9A1E7A4F7556}") = "NCalc2", "NCalc2\NCalc2.csproj", "{5F014003-50D8-49E0-8AFE-91D38DCCC97C}"
EndProject
Project("{9A19103F-16F7-4668-BE54-9A1E7A4F7556}") = "NCalc2.Tests", "NCalc2.Tests\NCalc2.Tests.csproj", "{5AAE847E-F646-4077-BCE8-C2C20890A76C}"
EndProject
Global
	GlobalSection(SolutionConfigurationPlatforms) = preSolution
		Debug|Any CPU = Debug|Any CPU
		Release|Any CPU = Release|Any CPU
	EndGlobalSection
	GlobalSection(ProjectConfigurationPlatforms) = postSolution
		{5F014003-50D8-49E0-8AFE-91D38DCCC97C}.Debug|Any CPU.ActiveCfg = Debug|Any CPU
		{5F014003-50D8-49E0-8AFE-91D38DCCC97C}.Debug|Any CPU.Build.0 = Debug|Any CPU
		{5F014003-50D8-49E0-8AFE-91D38DCCC97C}.Release|Any CPU.ActiveCfg = Release|Any CPU
		{5F014003-50D8-49E0-8AFE-91D38DCCC97C}.Release|Any CPU.Build.0 = Release|Any CPU
		{5AAE847E-F646-4077-BCE8-C2C20890A76C}.Debug|Any CPU.ActiveCfg = Debug|Any CPU
		{5AAE847E-F646-4077-BCE8-C2C20890A76C}.Debug|Any CPU.Build.0 = Debug|Any CPU
		{5AAE847E-F646-4077-BCE8-C2C20890A76C}.Release|Any CPU.ActiveCfg = Release|Any CPU
		{5AAE847E-F646-4077-BCE8-C2C20890A76C}.Release|Any CPU.Build.0 = Release|Any CPU
	EndGlobalSection
	GlobalSection(SolutionProperties) = preSolution
		HideSolutionNode = FALSE
	EndGlobalSection
	GlobalSection(ExtensibilityGlobals) = postSolution
		SolutionGuid = {D20F5202-1304-4839-8871-F2A12B338958}
	EndGlobalSection
	GlobalSection(TestCaseManagementSettings) = postSolution
		CategoryFile = NCalc.vsmdi
	EndGlobalSection
EndGlobal
